// !$*UTF8*$!
{
	archiveVersion = 1;
	classes = {
	};
	objectVersion = 46;
	objects = {

/* Begin PBXBuildFile section */
		6BF362B91D0FF8D90054BF24 /* UILabel+PreferredWidth.m in Sources */ = {isa = PBXBuildFile; fileRef = 6BF362AB1D0FF8D90054BF24 /* UILabel+PreferredWidth.m */; };
		98992455F180BF297FEE90FA /* libPods-ASJGooglePlaces.a in Frameworks */ = {isa = PBXBuildFile; fileRef = 9A273F68526C8047DD35AEE0 /* libPods-ASJGooglePlaces.a */; };
		C02264921AF5F98D006A1903 /* ASJDetails.m in Sources */ = {isa = PBXBuildFile; fileRef = C022648E1AF5F98D006A1903 /* ASJDetails.m */; };
		C02264931AF5F98D006A1903 /* ASJPlaceDetails.m in Sources */ = {isa = PBXBuildFile; fileRef = C02264901AF5F98D006A1903 /* ASJPlaceDetails.m */; };
		C060D4A61D10350100EA44B9 /* HomeController.m in Sources */ = {isa = PBXBuildFile; fileRef = C060D4961D10350100EA44B9 /* HomeController.m */; };
		C060D4A71D10350100EA44B9 /* PlaceIDController.m in Sources */ = {isa = PBXBuildFile; fileRef = C060D4991D10350100EA44B9 /* PlaceIDController.m */; };
		C060D4A81D10350100EA44B9 /* PlaceDetailsController.m in Sources */ = {isa = PBXBuildFile; fileRef = C060D49C1D10350100EA44B9 /* PlaceDetailsController.m */; };
		C060D4A91D10350100EA44B9 /* PlacePhotosController.m in Sources */ = {isa = PBXBuildFile; fileRef = C060D49F1D10350100EA44B9 /* PlacePhotosController.m */; };
		C060D4AA1D10350100EA44B9 /* AutocompleteController.m in Sources */ = {isa = PBXBuildFile; fileRef = C060D4A21D10350100EA44B9 /* AutocompleteController.m */; };
		C060D4AB1D10350100EA44B9 /* DirectionsController.m in Sources */ = {isa = PBXBuildFile; fileRef = C060D4A51D10350100EA44B9 /* DirectionsController.m */; };
		C060D4AE1D10352F00EA44B9 /* BaseController.m in Sources */ = {isa = PBXBuildFile; fileRef = C060D4AD1D10352F00EA44B9 /* BaseController.m */; };
		C060D4B11D1035A100EA44B9 /* Main.storyboard in Resources */ = {isa = PBXBuildFile; fileRef = C060D4B01D1035A100EA44B9 /* Main.storyboard */; };
		C0978F0E1AF5F12D00729DD2 /* ASJAutocomplete.m in Sources */ = {isa = PBXBuildFile; fileRef = C0978EE91AF5F12D00729DD2 /* ASJAutocomplete.m */; };
		C0978F101AF5F12D00729DD2 /* ASJPlace.m in Sources */ = {isa = PBXBuildFile; fileRef = C0978EED1AF5F12D00729DD2 /* ASJPlace.m */; };
		C0978F111AF5F12D00729DD2 /* ASJConstants.m in Sources */ = {isa = PBXBuildFile; fileRef = C0978EF01AF5F12D00729DD2 /* ASJConstants.m */; };
		C0978F121AF5F12D00729DD2 /* ASJSession.m in Sources */ = {isa = PBXBuildFile; fileRef = C0978EF21AF5F12D00729DD2 /* ASJSession.m */; };
		C0978F131AF5F12D00729DD2 /* ASJDirections.m in Sources */ = {isa = PBXBuildFile; fileRef = C0978EF51AF5F12D00729DD2 /* ASJDirections.m */; };
		C0978F141AF5F12D00729DD2 /* ASJOriginDestination.m in Sources */ = {isa = PBXBuildFile; fileRef = C0978EF71AF5F12D00729DD2 /* ASJOriginDestination.m */; };
		C0978F181AF5F12D00729DD2 /* ASJPlaceID.m in Sources */ = {isa = PBXBuildFile; fileRef = C0978F011AF5F12D00729DD2 /* ASJPlaceID.m */; };
		C0978F1A1AF5F12D00729DD2 /* ASJPhoto.m in Sources */ = {isa = PBXBuildFile; fileRef = C0978F061AF5F12D00729DD2 /* ASJPhoto.m */; };
		C0978F1B1AF5F12D00729DD2 /* ASJPlacePhotos.m in Sources */ = {isa = PBXBuildFile; fileRef = C0978F081AF5F12D00729DD2 /* ASJPlacePhotos.m */; };
		C0978F1C1AF5F12D00729DD2 /* ASJResponseValidator.m in Sources */ = {isa = PBXBuildFile; fileRef = C0978F0B1AF5F12D00729DD2 /* ASJResponseValidator.m */; };
		C0978F1D1AF5F12D00729DD2 /* ASJStatusCodeValueTransformer.m in Sources */ = {isa = PBXBuildFile; fileRef = C0978F0D1AF5F12D00729DD2 /* ASJStatusCodeValueTransformer.m */; };
		C0BC8E5B1AF5435900209170 /* main.m in Sources */ = {isa = PBXBuildFile; fileRef = C0BC8E5A1AF5435900209170 /* main.m */; };
		C0BC8E5E1AF5435900209170 /* AppDelegate.m in Sources */ = {isa = PBXBuildFile; fileRef = C0BC8E5D1AF5435900209170 /* AppDelegate.m */; };
		C0BC8E661AF5435900209170 /* Images.xcassets in Resources */ = {isa = PBXBuildFile; fileRef = C0BC8E651AF5435900209170 /* Images.xcassets */; };
		C0BC8E691AF5435900209170 /* LaunchScreen.xib in Resources */ = {isa = PBXBuildFile; fileRef = C0BC8E671AF5435900209170 /* LaunchScreen.xib */; };
/* End PBXBuildFile section */

/* Begin PBXFileReference section */
		58F1A7EA4F0B86570C88A124 /* Pods-ASJGooglePlaces.release.xcconfig */ = {isa = PBXFileReference; includeInIndex = 1; lastKnownFileType = text.xcconfig; name = "Pods-ASJGooglePlaces.release.xcconfig"; path = "Pods/Target Support Files/Pods-ASJGooglePlaces/Pods-ASJGooglePlaces.release.xcconfig"; sourceTree = "<group>"; };
		6BF362AA1D0FF8D90054BF24 /* UILabel+PreferredWidth.h */ = {isa = PBXFileReference; fileEncoding = 4; lastKnownFileType = sourcecode.c.h; path = "UILabel+PreferredWidth.h"; sourceTree = "<group>"; };
		6BF362AB1D0FF8D90054BF24 /* UILabel+PreferredWidth.m */ = {isa = PBXFileReference; fileEncoding = 4; lastKnownFileType = sourcecode.c.objc; path = "UILabel+PreferredWidth.m"; sourceTree = "<group>"; };
		9A273F68526C8047DD35AEE0 /* libPods-ASJGooglePlaces.a */ = {isa = PBXFileReference; explicitFileType = archive.ar; includeInIndex = 0; path = "libPods-ASJGooglePlaces.a"; sourceTree = BUILT_PRODUCTS_DIR; };
		C022648D1AF5F98D006A1903 /* ASJDetails.h */ = {isa = PBXFileReference; fileEncoding = 4; lastKnownFileType = sourcecode.c.h; path = ASJDetails.h; sourceTree = "<group>"; };
		C022648E1AF5F98D006A1903 /* ASJDetails.m */ = {isa = PBXFileReference; fileEncoding = 4; lastKnownFileType = sourcecode.c.objc; path = ASJDetails.m; sourceTree = "<group>"; };
		C022648F1AF5F98D006A1903 /* ASJPlaceDetails.h */ = {isa = PBXFileReference; fileEncoding = 4; lastKnownFileType = sourcecode.c.h; path = ASJPlaceDetails.h; sourceTree = "<group>"; };
		C02264901AF5F98D006A1903 /* ASJPlaceDetails.m */ = {isa = PBXFileReference; fileEncoding = 4; lastKnownFileType = sourcecode.c.objc; path = ASJPlaceDetails.m; sourceTree = "<group>"; };
		C040EEDA1D1679CB0092C015 /* ASJGooglePlaces.h */ = {isa = PBXFileReference; lastKnownFileType = sourcecode.c.h; path = ASJGooglePlaces.h; sourceTree = "<group>"; };
		C060D4951D10350100EA44B9 /* HomeController.h */ = {isa = PBXFileReference; fileEncoding = 4; lastKnownFileType = sourcecode.c.h; path = HomeController.h; sourceTree = "<group>"; };
		C060D4961D10350100EA44B9 /* HomeController.m */ = {isa = PBXFileReference; fileEncoding = 4; lastKnownFileType = sourcecode.c.objc; path = HomeController.m; sourceTree = "<group>"; };
		C060D4981D10350100EA44B9 /* PlaceIDController.h */ = {isa = PBXFileReference; fileEncoding = 4; lastKnownFileType = sourcecode.c.h; path = PlaceIDController.h; sourceTree = "<group>"; };
		C060D4991D10350100EA44B9 /* PlaceIDController.m */ = {isa = PBXFileReference; fileEncoding = 4; lastKnownFileType = sourcecode.c.objc; path = PlaceIDController.m; sourceTree = "<group>"; };
		C060D49B1D10350100EA44B9 /* PlaceDetailsController.h */ = {isa = PBXFileReference; fileEncoding = 4; lastKnownFileType = sourcecode.c.h; path = PlaceDetailsController.h; sourceTree = "<group>"; };
		C060D49C1D10350100EA44B9 /* PlaceDetailsController.m */ = {isa = PBXFileReference; fileEncoding = 4; lastKnownFileType = sourcecode.c.objc; path = PlaceDetailsController.m; sourceTree = "<group>"; };
		C060D49E1D10350100EA44B9 /* PlacePhotosController.h */ = {isa = PBXFileReference; fileEncoding = 4; lastKnownFileType = sourcecode.c.h; path = PlacePhotosController.h; sourceTree = "<group>"; };
		C060D49F1D10350100EA44B9 /* PlacePhotosController.m */ = {isa = PBXFileReference; fileEncoding = 4; lastKnownFileType = sourcecode.c.objc; path = PlacePhotosController.m; sourceTree = "<group>"; };
		C060D4A11D10350100EA44B9 /* AutocompleteController.h */ = {isa = PBXFileReference; fileEncoding = 4; lastKnownFileType = sourcecode.c.h; path = AutocompleteController.h; sourceTree = "<group>"; };
		C060D4A21D10350100EA44B9 /* AutocompleteController.m */ = {isa = PBXFileReference; fileEncoding = 4; lastKnownFileType = sourcecode.c.objc; path = AutocompleteController.m; sourceTree = "<group>"; };
		C060D4A41D10350100EA44B9 /* DirectionsController.h */ = {isa = PBXFileReference; fileEncoding = 4; lastKnownFileType = sourcecode.c.h; path = DirectionsController.h; sourceTree = "<group>"; };
		C060D4A51D10350100EA44B9 /* DirectionsController.m */ = {isa = PBXFileReference; fileEncoding = 4; lastKnownFileType = sourcecode.c.objc; path = DirectionsController.m; sourceTree = "<group>"; };
		C060D4AC1D10352F00EA44B9 /* BaseController.h */ = {isa = PBXFileReference; fileEncoding = 4; lastKnownFileType = sourcecode.c.h; path = BaseController.h; sourceTree = "<group>"; };
		C060D4AD1D10352F00EA44B9 /* BaseController.m */ = {isa = PBXFileReference; fileEncoding = 4; lastKnownFileType = sourcecode.c.objc; path = BaseController.m; sourceTree = "<group>"; };
		C060D4B01D1035A100EA44B9 /* Main.storyboard */ = {isa = PBXFileReference; fileEncoding = 4; lastKnownFileType = file.storyboard; path = Main.storyboard; sourceTree = "<group>"; };
		C0978EE81AF5F12D00729DD2 /* ASJAutocomplete.h */ = {isa = PBXFileReference; fileEncoding = 4; lastKnownFileType = sourcecode.c.h; path = ASJAutocomplete.h; sourceTree = "<group>"; };
		C0978EE91AF5F12D00729DD2 /* ASJAutocomplete.m */ = {isa = PBXFileReference; fileEncoding = 4; lastKnownFileType = sourcecode.c.objc; path = ASJAutocomplete.m; sourceTree = "<group>"; };
		C0978EEC1AF5F12D00729DD2 /* ASJPlace.h */ = {isa = PBXFileReference; fileEncoding = 4; lastKnownFileType = sourcecode.c.h; path = ASJPlace.h; sourceTree = "<group>"; };
		C0978EED1AF5F12D00729DD2 /* ASJPlace.m */ = {isa = PBXFileReference; fileEncoding = 4; lastKnownFileType = sourcecode.c.objc; path = ASJPlace.m; sourceTree = "<group>"; };
		C0978EEF1AF5F12D00729DD2 /* ASJConstants.h */ = {isa = PBXFileReference; fileEncoding = 4; lastKnownFileType = sourcecode.c.h; path = ASJConstants.h; sourceTree = "<group>"; };
		C0978EF01AF5F12D00729DD2 /* ASJConstants.m */ = {isa = PBXFileReference; fileEncoding = 4; lastKnownFileType = sourcecode.c.objc; path = ASJConstants.m; sourceTree = "<group>"; };
		C0978EF11AF5F12D00729DD2 /* ASJSession.h */ = {isa = PBXFileReference; fileEncoding = 4; lastKnownFileType = sourcecode.c.h; path = ASJSession.h; sourceTree = "<group>"; };
		C0978EF21AF5F12D00729DD2 /* ASJSession.m */ = {isa = PBXFileReference; fileEncoding = 4; lastKnownFileType = sourcecode.c.objc; path = ASJSession.m; sourceTree = "<group>"; };
		C0978EF41AF5F12D00729DD2 /* ASJDirections.h */ = {isa = PBXFileReference; fileEncoding = 4; lastKnownFileType = sourcecode.c.h; path = ASJDirections.h; sourceTree = "<group>"; };
		C0978EF51AF5F12D00729DD2 /* ASJDirections.m */ = {isa = PBXFileReference; fileEncoding = 4; lastKnownFileType = sourcecode.c.objc; path = ASJDirections.m; sourceTree = "<group>"; };
		C0978EF61AF5F12D00729DD2 /* ASJOriginDestination.h */ = {isa = PBXFileReference; fileEncoding = 4; lastKnownFileType = sourcecode.c.h; path = ASJOriginDestination.h; sourceTree = "<group>"; };
		C0978EF71AF5F12D00729DD2 /* ASJOriginDestination.m */ = {isa = PBXFileReference; fileEncoding = 4; lastKnownFileType = sourcecode.c.objc; path = ASJOriginDestination.m; sourceTree = "<group>"; };
		C0978F001AF5F12D00729DD2 /* ASJPlaceID.h */ = {isa = PBXFileReference; fileEncoding = 4; lastKnownFileType = sourcecode.c.h; path = ASJPlaceID.h; sourceTree = "<group>"; };
		C0978F011AF5F12D00729DD2 /* ASJPlaceID.m */ = {isa = PBXFileReference; fileEncoding = 4; lastKnownFileType = sourcecode.c.objc; path = ASJPlaceID.m; sourceTree = "<group>"; };
		C0978F051AF5F12D00729DD2 /* ASJPhoto.h */ = {isa = PBXFileReference; fileEncoding = 4; lastKnownFileType = sourcecode.c.h; path = ASJPhoto.h; sourceTree = "<group>"; };
		C0978F061AF5F12D00729DD2 /* ASJPhoto.m */ = {isa = PBXFileReference; fileEncoding = 4; lastKnownFileType = sourcecode.c.objc; path = ASJPhoto.m; sourceTree = "<group>"; };
		C0978F071AF5F12D00729DD2 /* ASJPlacePhotos.h */ = {isa = PBXFileReference; fileEncoding = 4; lastKnownFileType = sourcecode.c.h; path = ASJPlacePhotos.h; sourceTree = "<group>"; };
		C0978F081AF5F12D00729DD2 /* ASJPlacePhotos.m */ = {isa = PBXFileReference; fileEncoding = 4; lastKnownFileType = sourcecode.c.objc; path = ASJPlacePhotos.m; sourceTree = "<group>"; };
		C0978F0A1AF5F12D00729DD2 /* ASJResponseValidator.h */ = {isa = PBXFileReference; fileEncoding = 4; lastKnownFileType = sourcecode.c.h; path = ASJResponseValidator.h; sourceTree = "<group>"; };
		C0978F0B1AF5F12D00729DD2 /* ASJResponseValidator.m */ = {isa = PBXFileReference; fileEncoding = 4; lastKnownFileType = sourcecode.c.objc; path = ASJResponseValidator.m; sourceTree = "<group>"; };
		C0978F0C1AF5F12D00729DD2 /* ASJStatusCodeValueTransformer.h */ = {isa = PBXFileReference; fileEncoding = 4; lastKnownFileType = sourcecode.c.h; path = ASJStatusCodeValueTransformer.h; sourceTree = "<group>"; };
		C0978F0D1AF5F12D00729DD2 /* ASJStatusCodeValueTransformer.m */ = {isa = PBXFileReference; fileEncoding = 4; lastKnownFileType = sourcecode.c.objc; path = ASJStatusCodeValueTransformer.m; sourceTree = "<group>"; };
		C0BC8E551AF5435900209170 /* ASJGooglePlaces.app */ = {isa = PBXFileReference; explicitFileType = wrapper.application; includeInIndex = 0; path = ASJGooglePlaces.app; sourceTree = BUILT_PRODUCTS_DIR; };
		C0BC8E591AF5435900209170 /* Info.plist */ = {isa = PBXFileReference; lastKnownFileType = text.plist.xml; path = Info.plist; sourceTree = "<group>"; };
		C0BC8E5A1AF5435900209170 /* main.m */ = {isa = PBXFileReference; lastKnownFileType = sourcecode.c.objc; path = main.m; sourceTree = "<group>"; };
		C0BC8E5C1AF5435900209170 /* AppDelegate.h */ = {isa = PBXFileReference; lastKnownFileType = sourcecode.c.h; path = AppDelegate.h; sourceTree = "<group>"; };
		C0BC8E5D1AF5435900209170 /* AppDelegate.m */ = {isa = PBXFileReference; lastKnownFileType = sourcecode.c.objc; path = AppDelegate.m; sourceTree = "<group>"; };
		C0BC8E651AF5435900209170 /* Images.xcassets */ = {isa = PBXFileReference; lastKnownFileType = folder.assetcatalog; path = Images.xcassets; sourceTree = "<group>"; };
		C0BC8E681AF5435900209170 /* Base */ = {isa = PBXFileReference; lastKnownFileType = file.xib; name = Base; path = Base.lproj/LaunchScreen.xib; sourceTree = "<group>"; };
		DA7E29BA6A172ED8515201E6 /* Pods-ASJGooglePlaces.debug.xcconfig */ = {isa = PBXFileReference; includeInIndex = 1; lastKnownFileType = text.xcconfig; name = "Pods-ASJGooglePlaces.debug.xcconfig"; path = "Pods/Target Support Files/Pods-ASJGooglePlaces/Pods-ASJGooglePlaces.debug.xcconfig"; sourceTree = "<group>"; };
/* End PBXFileReference section */

/* Begin PBXFrameworksBuildPhase section */
		C0BC8E521AF5435900209170 /* Frameworks */ = {
			isa = PBXFrameworksBuildPhase;
			buildActionMask = 2147483647;
			files = (
				98992455F180BF297FEE90FA /* libPods-ASJGooglePlaces.a in Frameworks */,
			);
			runOnlyForDeploymentPostprocessing = 0;
		};
/* End PBXFrameworksBuildPhase section */

/* Begin PBXGroup section */
		31AC227FA5DCCF752983AD7E /* Pods */ = {
			isa = PBXGroup;
			children = (
				DA7E29BA6A172ED8515201E6 /* Pods-ASJGooglePlaces.debug.xcconfig */,
				58F1A7EA4F0B86570C88A124 /* Pods-ASJGooglePlaces.release.xcconfig */,
			);
			name = Pods;
			sourceTree = "<group>";
		};
		6BF362A21D0FF8D90054BF24 /* Classes */ = {
			isa = PBXGroup;
			children = (
				C060D4811D10335700EA44B9 /* Controllers */,
				C060D4AF1D1035A100EA44B9 /* Views */,
				6BF362A71D0FF8D90054BF24 /* Helpers */,
			);
			path = Classes;
			sourceTree = "<group>";
		};
		6BF362A71D0FF8D90054BF24 /* Helpers */ = {
			isa = PBXGroup;
			children = (
				6BF362A81D0FF8D90054BF24 /* BaseController */,
				6BF362A91D0FF8D90054BF24 /* UILabel+PreferredWidth */,
			);
			path = Helpers;
			sourceTree = "<group>";
		};
		6BF362A81D0FF8D90054BF24 /* BaseController */ = {
			isa = PBXGroup;
			children = (
				C060D4AC1D10352F00EA44B9 /* BaseController.h */,
				C060D4AD1D10352F00EA44B9 /* BaseController.m */,
			);
			path = BaseController;
			sourceTree = "<group>";
		};
		6BF362A91D0FF8D90054BF24 /* UILabel+PreferredWidth */ = {
			isa = PBXGroup;
			children = (
				6BF362AA1D0FF8D90054BF24 /* UILabel+PreferredWidth.h */,
				6BF362AB1D0FF8D90054BF24 /* UILabel+PreferredWidth.m */,
			);
			path = "UILabel+PreferredWidth";
			sourceTree = "<group>";
		};
		C022648A1AF5F98D006A1903 /* Place Details */ = {
			isa = PBXGroup;
			children = (
				C022648F1AF5F98D006A1903 /* ASJPlaceDetails.h */,
				C02264901AF5F98D006A1903 /* ASJPlaceDetails.m */,
				C022648D1AF5F98D006A1903 /* ASJDetails.h */,
				C022648E1AF5F98D006A1903 /* ASJDetails.m */,
			);
			path = "Place Details";
			sourceTree = "<group>";
		};
		C060D4811D10335700EA44B9 /* Controllers */ = {
			isa = PBXGroup;
			children = (
				C060D4941D10350100EA44B9 /* 0 - Home */,
				C060D4971D10350100EA44B9 /* 1 - Place ID */,
				C060D49A1D10350100EA44B9 /* 2 - Place Details */,
				C060D49D1D10350100EA44B9 /* 3 - Place Photos */,
				C060D4A01D10350100EA44B9 /* 4 - Autocomplete */,
				C060D4A31D10350100EA44B9 /* 5 - Directions */,
			);
			path = Controllers;
			sourceTree = "<group>";
		};
		C060D4941D10350100EA44B9 /* 0 - Home */ = {
			isa = PBXGroup;
			children = (
				C060D4951D10350100EA44B9 /* HomeController.h */,
				C060D4961D10350100EA44B9 /* HomeController.m */,
			);
			path = "0 - Home";
			sourceTree = "<group>";
		};
		C060D4971D10350100EA44B9 /* 1 - Place ID */ = {
			isa = PBXGroup;
			children = (
				C060D4981D10350100EA44B9 /* PlaceIDController.h */,
				C060D4991D10350100EA44B9 /* PlaceIDController.m */,
			);
			path = "1 - Place ID";
			sourceTree = "<group>";
		};
		C060D49A1D10350100EA44B9 /* 2 - Place Details */ = {
			isa = PBXGroup;
			children = (
				C060D49B1D10350100EA44B9 /* PlaceDetailsController.h */,
				C060D49C1D10350100EA44B9 /* PlaceDetailsController.m */,
			);
			path = "2 - Place Details";
			sourceTree = "<group>";
		};
		C060D49D1D10350100EA44B9 /* 3 - Place Photos */ = {
			isa = PBXGroup;
			children = (
				C060D49E1D10350100EA44B9 /* PlacePhotosController.h */,
				C060D49F1D10350100EA44B9 /* PlacePhotosController.m */,
			);
			path = "3 - Place Photos";
			sourceTree = "<group>";
		};
		C060D4A01D10350100EA44B9 /* 4 - Autocomplete */ = {
			isa = PBXGroup;
			children = (
				C060D4A11D10350100EA44B9 /* AutocompleteController.h */,
				C060D4A21D10350100EA44B9 /* AutocompleteController.m */,
			);
			path = "4 - Autocomplete";
			sourceTree = "<group>";
		};
		C060D4A31D10350100EA44B9 /* 5 - Directions */ = {
			isa = PBXGroup;
			children = (
				C060D4A41D10350100EA44B9 /* DirectionsController.h */,
				C060D4A51D10350100EA44B9 /* DirectionsController.m */,
			);
			path = "5 - Directions";
			sourceTree = "<group>";
		};
		C060D4AF1D1035A100EA44B9 /* Views */ = {
			isa = PBXGroup;
			children = (
				C060D4B01D1035A100EA44B9 /* Main.storyboard */,
			);
			path = Views;
			sourceTree = "<group>";
		};
		C0978EE61AF5F12D00729DD2 /* ASJGooglePlaces */ = {
			isa = PBXGroup;
			children = (
				C040EEDA1D1679CB0092C015 /* ASJGooglePlaces.h */,
				C0978EE71AF5F12D00729DD2 /* Autocomplete */,
				C0978EEE1AF5F12D00729DD2 /* Base */,
				C0978EF31AF5F12D00729DD2 /* Directions */,
				C022648A1AF5F98D006A1903 /* Place Details */,
				C0978EFF1AF5F12D00729DD2 /* Place ID */,
				C0978F021AF5F12D00729DD2 /* Place Photos */,
				C0978F091AF5F12D00729DD2 /* Validation */,
			);
			name = ASJGooglePlaces;
			path = ../../ASJGooglePlaces;
			sourceTree = "<group>";
		};
		C0978EE71AF5F12D00729DD2 /* Autocomplete */ = {
			isa = PBXGroup;
			children = (
				C0978EE81AF5F12D00729DD2 /* ASJAutocomplete.h */,
				C0978EE91AF5F12D00729DD2 /* ASJAutocomplete.m */,
				C0978EEC1AF5F12D00729DD2 /* ASJPlace.h */,
				C0978EED1AF5F12D00729DD2 /* ASJPlace.m */,
			);
			path = Autocomplete;
			sourceTree = "<group>";
		};
		C0978EEE1AF5F12D00729DD2 /* Base */ = {
			isa = PBXGroup;
			children = (
				C0978EEF1AF5F12D00729DD2 /* ASJConstants.h */,
				C0978EF01AF5F12D00729DD2 /* ASJConstants.m */,
				C0978EF11AF5F12D00729DD2 /* ASJSession.h */,
				C0978EF21AF5F12D00729DD2 /* ASJSession.m */,
			);
			path = Base;
			sourceTree = "<group>";
		};
		C0978EF31AF5F12D00729DD2 /* Directions */ = {
			isa = PBXGroup;
			children = (
				C0978EF41AF5F12D00729DD2 /* ASJDirections.h */,
				C0978EF51AF5F12D00729DD2 /* ASJDirections.m */,
				C0978EF61AF5F12D00729DD2 /* ASJOriginDestination.h */,
				C0978EF71AF5F12D00729DD2 /* ASJOriginDestination.m */,
			);
			path = Directions;
			sourceTree = "<group>";
		};
		C0978EFF1AF5F12D00729DD2 /* Place ID */ = {
			isa = PBXGroup;
			children = (
				C0978F001AF5F12D00729DD2 /* ASJPlaceID.h */,
				C0978F011AF5F12D00729DD2 /* ASJPlaceID.m */,
			);
			path = "Place ID";
			sourceTree = "<group>";
		};
		C0978F021AF5F12D00729DD2 /* Place Photos */ = {
			isa = PBXGroup;
			children = (
				C0978F071AF5F12D00729DD2 /* ASJPlacePhotos.h */,
				C0978F081AF5F12D00729DD2 /* ASJPlacePhotos.m */,
				C0978F051AF5F12D00729DD2 /* ASJPhoto.h */,
				C0978F061AF5F12D00729DD2 /* ASJPhoto.m */,
			);
			path = "Place Photos";
			sourceTree = "<group>";
		};
		C0978F091AF5F12D00729DD2 /* Validation */ = {
			isa = PBXGroup;
			children = (
				C0978F0A1AF5F12D00729DD2 /* ASJResponseValidator.h */,
				C0978F0B1AF5F12D00729DD2 /* ASJResponseValidator.m */,
				C0978F0C1AF5F12D00729DD2 /* ASJStatusCodeValueTransformer.h */,
				C0978F0D1AF5F12D00729DD2 /* ASJStatusCodeValueTransformer.m */,
			);
			path = Validation;
			sourceTree = "<group>";
		};
		C0BC8E4C1AF5435900209170 = {
			isa = PBXGroup;
			children = (
				C0BC8E571AF5435900209170 /* ASJGooglePlaces */,
				C0BC8E561AF5435900209170 /* Products */,
				31AC227FA5DCCF752983AD7E /* Pods */,
				F38919D2F3AA22A56070B465 /* Frameworks */,
			);
			sourceTree = "<group>";
		};
		C0BC8E561AF5435900209170 /* Products */ = {
			isa = PBXGroup;
			children = (
				C0BC8E551AF5435900209170 /* ASJGooglePlaces.app */,
			);
			name = Products;
			sourceTree = "<group>";
		};
		C0BC8E571AF5435900209170 /* ASJGooglePlaces */ = {
			isa = PBXGroup;
			children = (
				C0978EE61AF5F12D00729DD2 /* ASJGooglePlaces */,
				C0BC8E5C1AF5435900209170 /* AppDelegate.h */,
				C0BC8E5D1AF5435900209170 /* AppDelegate.m */,
				6BF362A21D0FF8D90054BF24 /* Classes */,
				C0BC8E651AF5435900209170 /* Images.xcassets */,
				C0BC8E671AF5435900209170 /* LaunchScreen.xib */,
				C0BC8E581AF5435900209170 /* Supporting Files */,
			);
			path = ASJGooglePlaces;
			sourceTree = "<group>";
		};
		C0BC8E581AF5435900209170 /* Supporting Files */ = {
			isa = PBXGroup;
			children = (
				C0BC8E591AF5435900209170 /* Info.plist */,
				C0BC8E5A1AF5435900209170 /* main.m */,
			);
			name = "Supporting Files";
			sourceTree = "<group>";
		};
		F38919D2F3AA22A56070B465 /* Frameworks */ = {
			isa = PBXGroup;
			children = (
				9A273F68526C8047DD35AEE0 /* libPods-ASJGooglePlaces.a */,
			);
			name = Frameworks;
			sourceTree = "<group>";
		};
/* End PBXGroup section */

/* Begin PBXNativeTarget section */
		C0BC8E541AF5435900209170 /* ASJGooglePlaces */ = {
			isa = PBXNativeTarget;
			buildConfigurationList = C0BC8E781AF5435900209170 /* Build configuration list for PBXNativeTarget "ASJGooglePlaces" */;
			buildPhases = (
				31B80B827605B58BF4C3689F /* [CP] Check Pods Manifest.lock */,
				C0BC8E511AF5435900209170 /* Sources */,
				C0BC8E521AF5435900209170 /* Frameworks */,
				C0BC8E531AF5435900209170 /* Resources */,
				713BE311946D5F66527C6BE6 /* [CP] Embed Pods Frameworks */,
				A03DA72FAC3006471643E646 /* [CP] Copy Pods Resources */,
			);
			buildRules = (
			);
			dependencies = (
			);
			name = ASJGooglePlaces;
			productName = ASJGooglePlaces;
			productReference = C0BC8E551AF5435900209170 /* ASJGooglePlaces.app */;
			productType = "com.apple.product-type.application";
		};
/* End PBXNativeTarget section */

/* Begin PBXProject section */
		C0BC8E4D1AF5435900209170 /* Project object */ = {
			isa = PBXProject;
			attributes = {
				LastUpgradeCheck = 0720;
				ORGANIZATIONNAME = "Sudeep Jaiswal";
				TargetAttributes = {
					C0BC8E541AF5435900209170 = {
						CreatedOnToolsVersion = 6.1.1;
					};
				};
			};
			buildConfigurationList = C0BC8E501AF5435900209170 /* Build configuration list for PBXProject "ASJGooglePlaces" */;
			compatibilityVersion = "Xcode 3.2";
			developmentRegion = English;
			hasScannedForEncodings = 0;
			knownRegions = (
				en,
				Base,
			);
			mainGroup = C0BC8E4C1AF5435900209170;
			productRefGroup = C0BC8E561AF5435900209170 /* Products */;
			projectDirPath = "";
			projectRoot = "";
			targets = (
				C0BC8E541AF5435900209170 /* ASJGooglePlaces */,
			);
		};
/* End PBXProject section */

/* Begin PBXResourcesBuildPhase section */
		C0BC8E531AF5435900209170 /* Resources */ = {
			isa = PBXResourcesBuildPhase;
			buildActionMask = 2147483647;
			files = (
				C0BC8E691AF5435900209170 /* LaunchScreen.xib in Resources */,
				C0BC8E661AF5435900209170 /* Images.xcassets in Resources */,
				C060D4B11D1035A100EA44B9 /* Main.storyboard in Resources */,
			);
			runOnlyForDeploymentPostprocessing = 0;
		};
/* End PBXResourcesBuildPhase section */

/* Begin PBXShellScriptBuildPhase section */
		31B80B827605B58BF4C3689F /* [CP] Check Pods Manifest.lock */ = {
			isa = PBXShellScriptBuildPhase;
			buildActionMask = 2147483647;
			files = (
			);
			inputPaths = (
			);
			name = "[CP] Check Pods Manifest.lock";
			outputPaths = (
			);
			runOnlyForDeploymentPostprocessing = 0;
			shellPath = /bin/sh;
			shellScript = "diff \"${PODS_ROOT}/../Podfile.lock\" \"${PODS_ROOT}/Manifest.lock\" > /dev/null\nif [[ $? != 0 ]] ; then\n    cat << EOM\nerror: The sandbox is not in sync with the Podfile.lock. Run 'pod install' or update your CocoaPods installation.\nEOM\n    exit 1\nfi\n";
			showEnvVarsInLog = 0;
		};
		713BE311946D5F66527C6BE6 /* [CP] Embed Pods Frameworks */ = {
			isa = PBXShellScriptBuildPhase;
			buildActionMask = 2147483647;
			files = (
			);
			inputPaths = (
			);
			name = "[CP] Embed Pods Frameworks";
			outputPaths = (
			);
			runOnlyForDeploymentPostprocessing = 0;
			shellPath = /bin/sh;
			shellScript = "\"${SRCROOT}/Pods/Target Support Files/Pods-ASJGooglePlaces/Pods-ASJGooglePlaces-frameworks.sh\"\n";
			showEnvVarsInLog = 0;
		};
		A03DA72FAC3006471643E646 /* [CP] Copy Pods Resources */ = {
			isa = PBXShellScriptBuildPhase;
			buildActionMask = 2147483647;
			files = (
			);
			inputPaths = (
			);
			name = "[CP] Copy Pods Resources";
			outputPaths = (
			);
			runOnlyForDeploymentPostprocessing = 0;
			shellPath = /bin/sh;
			shellScript = "\"${SRCROOT}/Pods/Target Support Files/Pods-ASJGooglePlaces/Pods-ASJGooglePlaces-resources.sh\"\n";
			showEnvVarsInLog = 0;
		};
/* End PBXShellScriptBuildPhase section */

/* Begin PBXSourcesBuildPhase section */
		C0BC8E511AF5435900209170 /* Sources */ = {
			isa = PBXSourcesBuildPhase;
			buildActionMask = 2147483647;
			files = (
				C060D4A91D10350100EA44B9 /* PlacePhotosController.m in Sources */,
				C0978F101AF5F12D00729DD2 /* ASJPlace.m in Sources */,
				C0978F1B1AF5F12D00729DD2 /* ASJPlacePhotos.m in Sources */,
				C0978F1A1AF5F12D00729DD2 /* ASJPhoto.m in Sources */,
				C0978F111AF5F12D00729DD2 /* ASJConstants.m in Sources */,
				C0978F141AF5F12D00729DD2 /* ASJOriginDestination.m in Sources */,
				C0978F0E1AF5F12D00729DD2 /* ASJAutocomplete.m in Sources */,
				C0BC8E5E1AF5435900209170 /* AppDelegate.m in Sources */,
				C0BC8E5B1AF5435900209170 /* main.m in Sources */,
				C060D4AE1D10352F00EA44B9 /* BaseController.m in Sources */,
				C02264921AF5F98D006A1903 /* ASJDetails.m in Sources */,
				C060D4A71D10350100EA44B9 /* PlaceIDController.m in Sources */,
				C0978F131AF5F12D00729DD2 /* ASJDirections.m in Sources */,
				6BF362B91D0FF8D90054BF24 /* UILabel+PreferredWidth.m in Sources */,
				C0978F181AF5F12D00729DD2 /* ASJPlaceID.m in Sources */,
				C060D4A81D10350100EA44B9 /* PlaceDetailsController.m in Sources */,
				C060D4AB1D10350100EA44B9 /* DirectionsController.m in Sources */,
				C0978F1C1AF5F12D00729DD2 /* ASJResponseValidator.m in Sources */,
				C060D4AA1D10350100EA44B9 /* AutocompleteController.m in Sources */,
				C02264931AF5F98D006A1903 /* ASJPlaceDetails.m in Sources */,
				C0978F121AF5F12D00729DD2 /* ASJSession.m in Sources */,
				C060D4A61D10350100EA44B9 /* HomeController.m in Sources */,
				C0978F1D1AF5F12D00729DD2 /* ASJStatusCodeValueTransformer.m in Sources */,
			);
			runOnlyForDeploymentPostprocessing = 0;
		};
/* End PBXSourcesBuildPhase section */

/* Begin PBXVariantGroup section */
		C0BC8E671AF5435900209170 /* LaunchScreen.xib */ = {
			isa = PBXVariantGroup;
			children = (
				C0BC8E681AF5435900209170 /* Base */,
			);
			name = LaunchScreen.xib;
			sourceTree = "<group>";
		};
/* End PBXVariantGroup section */

/* Begin XCBuildConfiguration section */
		C0BC8E761AF5435900209170 /* Debug */ = {
			isa = XCBuildConfiguration;
			buildSettings = {
				ALWAYS_SEARCH_USER_PATHS = NO;
				CLANG_CXX_LANGUAGE_STANDARD = "gnu++0x";
				CLANG_CXX_LIBRARY = "libc++";
				CLANG_ENABLE_MODULES = YES;
				CLANG_ENABLE_OBJC_ARC = YES;
				CLANG_WARN_BOOL_CONVERSION = YES;
				CLANG_WARN_CONSTANT_CONVERSION = YES;
				CLANG_WARN_DIRECT_OBJC_ISA_USAGE = YES_ERROR;
				CLANG_WARN_EMPTY_BODY = YES;
				CLANG_WARN_ENUM_CONVERSION = YES;
				CLANG_WARN_INT_CONVERSION = YES;
				CLANG_WARN_OBJC_ROOT_CLASS = YES_ERROR;
				CLANG_WARN_UNREACHABLE_CODE = YES;
				CLANG_WARN__DUPLICATE_METHOD_MATCH = YES;
				"CODE_SIGN_IDENTITY[sdk=iphoneos*]" = "iPhone Developer";
				COPY_PHASE_STRIP = NO;
				ENABLE_STRICT_OBJC_MSGSEND = YES;
				ENABLE_TESTABILITY = YES;
				GCC_C_LANGUAGE_STANDARD = gnu99;
				GCC_DYNAMIC_NO_PIC = NO;
				GCC_OPTIMIZATION_LEVEL = 0;
				GCC_PREPROCESSOR_DEFINITIONS = (
					"DEBUG=1",
					"$(inherited)",
				);
				GCC_SYMBOLS_PRIVATE_EXTERN = NO;
				GCC_WARN_64_TO_32_BIT_CONVERSION = YES;
				GCC_WARN_ABOUT_RETURN_TYPE = YES_ERROR;
				GCC_WARN_UNDECLARED_SELECTOR = YES;
				GCC_WARN_UNINITIALIZED_AUTOS = YES_AGGRESSIVE;
				GCC_WARN_UNUSED_FUNCTION = YES;
				GCC_WARN_UNUSED_VARIABLE = YES;
				IPHONEOS_DEPLOYMENT_TARGET = 7.0;
				MTL_ENABLE_DEBUG_INFO = YES;
				ONLY_ACTIVE_ARCH = YES;
				SDKROOT = iphoneos;
			};
			name = Debug;
		};
		C0BC8E771AF5435900209170 /* Release */ = {
			isa = XCBuildConfiguration;
			buildSettings = {
				ALWAYS_SEARCH_USER_PATHS = NO;
				CLANG_CXX_LANGUAGE_STANDARD = "gnu++0x";
				CLANG_CXX_LIBRARY = "libc++";
				CLANG_ENABLE_MODULES = YES;
				CLANG_ENABLE_OBJC_ARC = YES;
				CLANG_WARN_BOOL_CONVERSION = YES;
				CLANG_WARN_CONSTANT_CONVERSION = YES;
				CLANG_WARN_DIRECT_OBJC_ISA_USAGE = YES_ERROR;
				CLANG_WARN_EMPTY_BODY = YES;
				CLANG_WARN_ENUM_CONVERSION = YES;
				CLANG_WARN_INT_CONVERSION = YES;
				CLANG_WARN_OBJC_ROOT_CLASS = YES_ERROR;
				CLANG_WARN_UNREACHABLE_CODE = YES;
				CLANG_WARN__DUPLICATE_METHOD_MATCH = YES;
				"CODE_SIGN_IDENTITY[sdk=iphoneos*]" = "iPhone Developer";
				COPY_PHASE_STRIP = YES;
				ENABLE_NS_ASSERTIONS = NO;
				ENABLE_STRICT_OBJC_MSGSEND = YES;
				GCC_C_LANGUAGE_STANDARD = gnu99;
				GCC_WARN_64_TO_32_BIT_CONVERSION = YES;
				GCC_WARN_ABOUT_RETURN_TYPE = YES_ERROR;
				GCC_WARN_UNDECLARED_SELECTOR = YES;
				GCC_WARN_UNINITIALIZED_AUTOS = YES_AGGRESSIVE;
				GCC_WARN_UNUSED_FUNCTION = YES;
				GCC_WARN_UNUSED_VARIABLE = YES;
				IPHONEOS_DEPLOYMENT_TARGET = 7.0;
				MTL_ENABLE_DEBUG_INFO = NO;
				SDKROOT = iphoneos;
				VALIDATE_PRODUCT = YES;
			};
			name = Release;
		};
		C0BC8E791AF5435900209170 /* Debug */ = {
			isa = XCBuildConfiguration;
			baseConfigurationReference = DA7E29BA6A172ED8515201E6 /* Pods-ASJGooglePlaces.debug.xcconfig */;
			buildSettings = {
				ASSETCATALOG_COMPILER_APPICON_NAME = AppIcon;
				ASSETCATALOG_COMPILER_LAUNCHIMAGE_NAME = "Brand Assets";
				INFOPLIST_FILE = ASJGooglePlaces/Info.plist;
				LD_RUNPATH_SEARCH_PATHS = "$(inherited) @executable_path/Frameworks";
				PRODUCT_BUNDLE_IDENTIFIER = "com.sudeep.$(PRODUCT_NAME:rfc1034identifier)";
				PRODUCT_NAME = "$(TARGET_NAME)";
			};
			name = Debug;
		};
		C0BC8E7A1AF5435900209170 /* Release */ = {
			isa = XCBuildConfiguration;
			baseConfigurationReference = 58F1A7EA4F0B86570C88A124 /* Pods-ASJGooglePlaces.release.xcconfig */;
			buildSettings = {
				ASSETCATALOG_COMPILER_APPICON_NAME = AppIcon;
				ASSETCATALOG_COMPILER_LAUNCHIMAGE_NAME = "Brand Assets";
				INFOPLIST_FILE = ASJGooglePlaces/Info.plist;
				LD_RUNPATH_SEARCH_PATHS = "$(inherited) @executable_path/Frameworks";
				PRODUCT_BUNDLE_IDENTIFIER = "com.sudeep.$(PRODUCT_NAME:rfc1034identifier)";
				PRODUCT_NAME = "$(TARGET_NAME)";
			};
			name = Release;
		};
/* End XCBuildConfiguration section */

/* Begin XCConfigurationList section */
		C0BC8E501AF5435900209170 /* Build configuration list for PBXProject "ASJGooglePlaces" */ = {
			isa = XCConfigurationList;
			buildConfigurations = (
				C0BC8E761AF5435900209170 /* Debug */,
				C0BC8E771AF5435900209170 /* Release */,
			);
			defaultConfigurationIsVisible = 0;
			defaultConfigurationName = Release;
		};
		C0BC8E781AF5435900209170 /* Build configuration list for PBXNativeTarget "ASJGooglePlaces" */ = {
			isa = XCConfigurationList;
			buildConfigurations = (
				C0BC8E791AF5435900209170 /* Debug */,
				C0BC8E7A1AF5435900209170 /* Release */,
			);
			defaultConfigurationIsVisible = 0;
			defaultConfigurationName = Release;
		};
/* End XCConfigurationList section */
	};
	rootObject = C0BC8E4D1AF5435900209170 /* Project object */;
}
